# This file is autogenerated, do not edit; changes may be undone by the next 'dep ensure'.


[[projects]]
  branch = "master"
  name = "github.com/Unknwon/goconfig"
  packages = ["."]
  revision = "87a46d97951ee1ea20ed3b24c25646a79e87ba5d"

[[projects]]
  branch = "master"
  name = "github.com/golang/glog"
  packages = ["."]
  revision = "23def4e6c14b4da8ac2ed8007337bc5eb5007998"

[[projects]]
  branch = "master"
  name = "github.com/golang/protobuf"
  packages = ["proto"]
  revision = "1643683e1b54a9e88ad26d98f81400c8c9d9f4f9"

[[projects]]
  branch = "master"
  name = "github.com/moul/http2curl"
  packages = ["."]
  revision = "9ac6cf4d929b2fa8fd2d2e6dec5bb0feb4f4911d"

[[projects]]
  name = "github.com/parnurzeal/gorequest"
  packages = ["."]
  revision = "a578a48e8d6ca8b01a3b18314c43c6716bb5f5a3"
  version = "v0.2.15"

[[projects]]
  name = "github.com/pkg/errors"
  packages = ["."]
  revision = "645ef00459ed84a119197bfb8d8205042c6df63d"
  version = "v0.8.0"

[[projects]]
  branch = "master"
  name = "github.com/pineda89/bpulse-protobuf-go"
  packages = ["com.bpulse.protobuf/go"]
  revision = "0ebd41e2e7238e49877b4fab0363d2ea34692760"

[[projects]]
  branch = "master"
  name = "github.com/pineda89/go-misc"
  packages = [
    "com.theskyinflames.go.misc/lib_gc_conf",
    "com.theskyinflames.go.misc/lib_gc_config",
    "com.theskyinflames.go.misc/lib_gc_log"
  ]
  revision = "4c61e5302f32b950cb2c57234abad7992b2ef5e1"

[[projects]]
  name = "github.com/youtube/vitess"
  packages = [
    "go/acl",
    "go/cache",
    "go/stats",
    "go/sync2"
  ]
  revision = "89cc312b4da3004d3b5382cf2b37d70e901b1c36"
  version = "v2.1.1"

[[projects]]
  branch = "master"
  name = "golang.org/x/net"
  packages = [
    "idna",
    "publicsuffix"
  ]
  revision = "c73622c77280266305273cb545f54516ced95b93"

[[projects]]
  branch = "master"
  name = "golang.org/x/text"
  packages = [
    "collate",
    "collate/build",
    "internal/colltab",
    "internal/gen",
    "internal/tag",
    "internal/triegen",
    "internal/ucd",
    "language",
    "secure/bidirule",
    "transform",
    "unicode/bidi",
    "unicode/cldr",
    "unicode/norm",
    "unicode/rangetable"
  ]
  revision = "6eab0e8f74e86c598ec3b6fad4888e0c11482d48"

[solve-meta]
  analyzer-name = "dep"
  analyzer-version = 1
  inputs-digest = "7d58acd7f3246ee8d1ac243e968e56cf8360315d55896d582fea2ae7a4fae8bb"
  solver-name = "gps-cdcl"
  solver-version = 1
